// !$*UTF8*$!
{
	archiveVersion = 1;
	classes = {
	};
	objectVersion = 48;
	objects = {

/* Begin PBXBuildFile section */
		3112B3C65A74D0C51FC9C6A1 /* Pods_gurpay_iosUITests.framework in Frameworks */ = {isa = PBXBuildFile; fileRef = 781F5A985076970DE7FBAA55 /* Pods_gurpay_iosUITests.framework */; };
		396F3919E41B9EA2D8612121 /* Pods_gurpay_iosTests.framework in Frameworks */ = {isa = PBXBuildFile; fileRef = 0E176EAB4B4FBF4BD8BD8DAA /* Pods_gurpay_iosTests.framework */; };
		6E4B516A53EA3E0933CE1B1B /* Pods_gurpay_ios.framework in Frameworks */ = {isa = PBXBuildFile; fileRef = 8E99B88FC38CF06ED1348928 /* Pods_gurpay_ios.framework */; };
		E53FFE7B2090CA8D00D365A3 /* AppDelegate.swift in Sources */ = {isa = PBXBuildFile; fileRef = E53FFE7A2090CA8D00D365A3 /* AppDelegate.swift */; };
		E53FFE7D2090CA8D00D365A3 /* ViewController.swift in Sources */ = {isa = PBXBuildFile; fileRef = E53FFE7C2090CA8D00D365A3 /* ViewController.swift */; };
		E53FFE802090CA8D00D365A3 /* Main.storyboard in Resources */ = {isa = PBXBuildFile; fileRef = E53FFE7E2090CA8D00D365A3 /* Main.storyboard */; };
		E53FFE822090CA8D00D365A3 /* Assets.xcassets in Resources */ = {isa = PBXBuildFile; fileRef = E53FFE812090CA8D00D365A3 /* Assets.xcassets */; };
		E53FFE852090CA8D00D365A3 /* LaunchScreen.storyboard in Resources */ = {isa = PBXBuildFile; fileRef = E53FFE832090CA8D00D365A3 /* LaunchScreen.storyboard */; };
		E53FFE902090CA8E00D365A3 /* gurpay_iosTests.swift in Sources */ = {isa = PBXBuildFile; fileRef = E53FFE8F2090CA8E00D365A3 /* gurpay_iosTests.swift */; };
		E53FFE9B2090CA8E00D365A3 /* gurpay_iosUITests.swift in Sources */ = {isa = PBXBuildFile; fileRef = E53FFE9A2090CA8E00D365A3 /* gurpay_iosUITests.swift */; };
		E53FFEAD2090D91D00D365A3 /* SelectGroup.storyboard in Resources */ = {isa = PBXBuildFile; fileRef = E53FFEAC2090D91D00D365A3 /* SelectGroup.storyboard */; };
		E53FFEAF2090D94700D365A3 /* SelectGroupViewController.swift in Sources */ = {isa = PBXBuildFile; fileRef = E53FFEAE2090D94700D365A3 /* SelectGroupViewController.swift */; };
		E53FFEB42090EE8600D365A3 /* Group.swift in Sources */ = {isa = PBXBuildFile; fileRef = E53FFEB32090EE8600D365A3 /* Group.swift */; };
		E53FFEB62090EE9600D365A3 /* User.swift in Sources */ = {isa = PBXBuildFile; fileRef = E53FFEB52090EE9600D365A3 /* User.swift */; };
		E53FFEB82090EEA200D365A3 /* Bill.swift in Sources */ = {isa = PBXBuildFile; fileRef = E53FFEB72090EEA200D365A3 /* Bill.swift */; };
		E53FFEBA2090F37E00D365A3 /* Dashboard.storyboard in Resources */ = {isa = PBXBuildFile; fileRef = E53FFEB92090F37E00D365A3 /* Dashboard.storyboard */; };
		E53FFEBC2090F39200D365A3 /* DashboardViewController.swift in Sources */ = {isa = PBXBuildFile; fileRef = E53FFEBB2090F39200D365A3 /* DashboardViewController.swift */; };
		E53FFEBE2090F5ED00D365A3 /* UserEdit.storyboard in Resources */ = {isa = PBXBuildFile; fileRef = E53FFEBD2090F5ED00D365A3 /* UserEdit.storyboard */; };
		E53FFEC02090F60100D365A3 /* UserEditViewController.swift in Sources */ = {isa = PBXBuildFile; fileRef = E53FFEBF2090F60100D365A3 /* UserEditViewController.swift */; };
		E53FFEC22090F63C00D365A3 /* GroupEdit.storyboard in Resources */ = {isa = PBXBuildFile; fileRef = E53FFEC12090F63C00D365A3 /* GroupEdit.storyboard */; };
		E53FFEC42090F65900D365A3 /* GroupEditViewController.swift in Sources */ = {isa = PBXBuildFile; fileRef = E53FFEC32090F65900D365A3 /* GroupEditViewController.swift */; };
		E53FFEC62090F68300D365A3 /* BillNew.storyboard in Resources */ = {isa = PBXBuildFile; fileRef = E53FFEC52090F68300D365A3 /* BillNew.storyboard */; };
		E53FFEC82090F69C00D365A3 /* BillView.storyboard in Resources */ = {isa = PBXBuildFile; fileRef = E53FFEC72090F69C00D365A3 /* BillView.storyboard */; };
		E53FFECA2090F6A900D365A3 /* BillListView.storyboard in Resources */ = {isa = PBXBuildFile; fileRef = E53FFEC92090F6A900D365A3 /* BillListView.storyboard */; };
		E53FFECC2090F6DA00D365A3 /* UserListView.storyboard in Resources */ = {isa = PBXBuildFile; fileRef = E53FFECB2090F6DA00D365A3 /* UserListView.storyboard */; };
		E53FFECE2090F6EB00D365A3 /* BillNewViewController.swift in Sources */ = {isa = PBXBuildFile; fileRef = E53FFECD2090F6EB00D365A3 /* BillNewViewController.swift */; };
		E53FFED02090F6F700D365A3 /* BillViewViewController.swift in Sources */ = {isa = PBXBuildFile; fileRef = E53FFECF2090F6F700D365A3 /* BillViewViewController.swift */; };
		E53FFED22090F72D00D365A3 /* BillListTableViewController.swift in Sources */ = {isa = PBXBuildFile; fileRef = E53FFED12090F72D00D365A3 /* BillListTableViewController.swift */; };
		E53FFED42090F74300D365A3 /* UserListViewTableViewController.swift in Sources */ = {isa = PBXBuildFile; fileRef = E53FFED32090F74300D365A3 /* UserListViewTableViewController.swift */; };
		E53FFED62090FC8800D365A3 /* ServiceBase.swift in Sources */ = {isa = PBXBuildFile; fileRef = E53FFED52090FC8800D365A3 /* ServiceBase.swift */; };
		E5513C2E2094CB6B000574BE /* ApiError.swift in Sources */ = {isa = PBXBuildFile; fileRef = E5513C2D2094CB6B000574BE /* ApiError.swift */; };
		E5513C332094F88E000574BE /* BillTableViewCell.swift in Sources */ = {isa = PBXBuildFile; fileRef = E5513C312094F88E000574BE /* BillTableViewCell.swift */; };
		E5513C342094F88E000574BE /* BillTableViewCell.xib in Resources */ = {isa = PBXBuildFile; fileRef = E5513C322094F88E000574BE /* BillTableViewCell.xib */; };
		E5513C36209508F9000574BE /* Util.swift in Sources */ = {isa = PBXBuildFile; fileRef = E5513C35209508F9000574BE /* Util.swift */; };
/* End PBXBuildFile section */

/* Begin PBXContainerItemProxy section */
		E53FFE8C2090CA8E00D365A3 /* PBXContainerItemProxy */ = {
			isa = PBXContainerItemProxy;
			containerPortal = E53FFE6F2090CA8D00D365A3 /* Project object */;
			proxyType = 1;
			remoteGlobalIDString = E53FFE762090CA8D00D365A3;
			remoteInfo = "gurpay-ios";
		};
		E53FFE972090CA8E00D365A3 /* PBXContainerItemProxy */ = {
			isa = PBXContainerItemProxy;
			containerPortal = E53FFE6F2090CA8D00D365A3 /* Project object */;
			proxyType = 1;
			remoteGlobalIDString = E53FFE762090CA8D00D365A3;
			remoteInfo = "gurpay-ios";
		};
/* End PBXContainerItemProxy section */

/* Begin PBXFileReference section */
		0E176EAB4B4FBF4BD8BD8DAA /* Pods_gurpay_iosTests.framework */ = {isa = PBXFileReference; explicitFileType = wrapper.framework; includeInIndex = 0; path = Pods_gurpay_iosTests.framework; sourceTree = BUILT_PRODUCTS_DIR; };
		0E4344CDE6F9224967BF0AE0 /* Pods-gurpay-iosTests.debug.xcconfig */ = {isa = PBXFileReference; includeInIndex = 1; lastKnownFileType = text.xcconfig; name = "Pods-gurpay-iosTests.debug.xcconfig"; path = "Pods/Target Support Files/Pods-gurpay-iosTests/Pods-gurpay-iosTests.debug.xcconfig"; sourceTree = "<group>"; };
		15538D3B50B2E0F8EEB36D97 /* Pods-gurpay-ios.debug.xcconfig */ = {isa = PBXFileReference; includeInIndex = 1; lastKnownFileType = text.xcconfig; name = "Pods-gurpay-ios.debug.xcconfig"; path = "Pods/Target Support Files/Pods-gurpay-ios/Pods-gurpay-ios.debug.xcconfig"; sourceTree = "<group>"; };
		2D7221C1EF0A11D3D71A698D /* Pods-gurpay-ios.release.xcconfig */ = {isa = PBXFileReference; includeInIndex = 1; lastKnownFileType = text.xcconfig; name = "Pods-gurpay-ios.release.xcconfig"; path = "Pods/Target Support Files/Pods-gurpay-ios/Pods-gurpay-ios.release.xcconfig"; sourceTree = "<group>"; };
		3E9D5CFB7A3795686B660CA5 /* Pods-gurpay-iosTests.release.xcconfig */ = {isa = PBXFileReference; includeInIndex = 1; lastKnownFileType = text.xcconfig; name = "Pods-gurpay-iosTests.release.xcconfig"; path = "Pods/Target Support Files/Pods-gurpay-iosTests/Pods-gurpay-iosTests.release.xcconfig"; sourceTree = "<group>"; };
		40E141DDD5CDF48D4562AA29 /* Pods-gurpay-iosUITests.release.xcconfig */ = {isa = PBXFileReference; includeInIndex = 1; lastKnownFileType = text.xcconfig; name = "Pods-gurpay-iosUITests.release.xcconfig"; path = "Pods/Target Support Files/Pods-gurpay-iosUITests/Pods-gurpay-iosUITests.release.xcconfig"; sourceTree = "<group>"; };
		781F5A985076970DE7FBAA55 /* Pods_gurpay_iosUITests.framework */ = {isa = PBXFileReference; explicitFileType = wrapper.framework; includeInIndex = 0; path = Pods_gurpay_iosUITests.framework; sourceTree = BUILT_PRODUCTS_DIR; };
		86F8998F2A3FACA0C4CFABD4 /* Pods-gurpay-iosUITests.debug.xcconfig */ = {isa = PBXFileReference; includeInIndex = 1; lastKnownFileType = text.xcconfig; name = "Pods-gurpay-iosUITests.debug.xcconfig"; path = "Pods/Target Support Files/Pods-gurpay-iosUITests/Pods-gurpay-iosUITests.debug.xcconfig"; sourceTree = "<group>"; };
		8E99B88FC38CF06ED1348928 /* Pods_gurpay_ios.framework */ = {isa = PBXFileReference; explicitFileType = wrapper.framework; includeInIndex = 0; path = Pods_gurpay_ios.framework; sourceTree = BUILT_PRODUCTS_DIR; };
		E53FFE772090CA8D00D365A3 /* gurpay-ios.app */ = {isa = PBXFileReference; explicitFileType = wrapper.application; includeInIndex = 0; path = "gurpay-ios.app"; sourceTree = BUILT_PRODUCTS_DIR; };
		E53FFE7A2090CA8D00D365A3 /* AppDelegate.swift */ = {isa = PBXFileReference; lastKnownFileType = sourcecode.swift; path = AppDelegate.swift; sourceTree = "<group>"; };
		E53FFE7C2090CA8D00D365A3 /* ViewController.swift */ = {isa = PBXFileReference; lastKnownFileType = sourcecode.swift; path = ViewController.swift; sourceTree = "<group>"; };
		E53FFE7F2090CA8D00D365A3 /* Base */ = {isa = PBXFileReference; lastKnownFileType = file.storyboard; name = Base; path = Base.lproj/Main.storyboard; sourceTree = "<group>"; };
		E53FFE812090CA8D00D365A3 /* Assets.xcassets */ = {isa = PBXFileReference; lastKnownFileType = folder.assetcatalog; path = Assets.xcassets; sourceTree = "<group>"; };
		E53FFE842090CA8D00D365A3 /* Base */ = {isa = PBXFileReference; lastKnownFileType = file.storyboard; name = Base; path = Base.lproj/LaunchScreen.storyboard; sourceTree = "<group>"; };
		E53FFE862090CA8D00D365A3 /* Info.plist */ = {isa = PBXFileReference; lastKnownFileType = text.plist.xml; path = Info.plist; sourceTree = "<group>"; };
		E53FFE8B2090CA8E00D365A3 /* gurpay-iosTests.xctest */ = {isa = PBXFileReference; explicitFileType = wrapper.cfbundle; includeInIndex = 0; path = "gurpay-iosTests.xctest"; sourceTree = BUILT_PRODUCTS_DIR; };
		E53FFE8F2090CA8E00D365A3 /* gurpay_iosTests.swift */ = {isa = PBXFileReference; lastKnownFileType = sourcecode.swift; path = gurpay_iosTests.swift; sourceTree = "<group>"; };
		E53FFE912090CA8E00D365A3 /* Info.plist */ = {isa = PBXFileReference; lastKnownFileType = text.plist.xml; path = Info.plist; sourceTree = "<group>"; };
		E53FFE962090CA8E00D365A3 /* gurpay-iosUITests.xctest */ = {isa = PBXFileReference; explicitFileType = wrapper.cfbundle; includeInIndex = 0; path = "gurpay-iosUITests.xctest"; sourceTree = BUILT_PRODUCTS_DIR; };
		E53FFE9A2090CA8E00D365A3 /* gurpay_iosUITests.swift */ = {isa = PBXFileReference; lastKnownFileType = sourcecode.swift; path = gurpay_iosUITests.swift; sourceTree = "<group>"; };
		E53FFE9C2090CA8E00D365A3 /* Info.plist */ = {isa = PBXFileReference; lastKnownFileType = text.plist.xml; path = Info.plist; sourceTree = "<group>"; };
		E53FFEAC2090D91D00D365A3 /* SelectGroup.storyboard */ = {isa = PBXFileReference; lastKnownFileType = file.storyboard; path = SelectGroup.storyboard; sourceTree = "<group>"; };
		E53FFEAE2090D94700D365A3 /* SelectGroupViewController.swift */ = {isa = PBXFileReference; lastKnownFileType = sourcecode.swift; path = SelectGroupViewController.swift; sourceTree = "<group>"; };
		E53FFEB32090EE8600D365A3 /* Group.swift */ = {isa = PBXFileReference; lastKnownFileType = sourcecode.swift; path = Group.swift; sourceTree = "<group>"; };
		E53FFEB52090EE9600D365A3 /* User.swift */ = {isa = PBXFileReference; lastKnownFileType = sourcecode.swift; path = User.swift; sourceTree = "<group>"; };
		E53FFEB72090EEA200D365A3 /* Bill.swift */ = {isa = PBXFileReference; lastKnownFileType = sourcecode.swift; path = Bill.swift; sourceTree = "<group>"; };
		E53FFEB92090F37E00D365A3 /* Dashboard.storyboard */ = {isa = PBXFileReference; lastKnownFileType = file.storyboard; path = Dashboard.storyboard; sourceTree = "<group>"; };
		E53FFEBB2090F39200D365A3 /* DashboardViewController.swift */ = {isa = PBXFileReference; lastKnownFileType = sourcecode.swift; path = DashboardViewController.swift; sourceTree = "<group>"; };
		E53FFEBD2090F5ED00D365A3 /* UserEdit.storyboard */ = {isa = PBXFileReference; lastKnownFileType = file.storyboard; path = UserEdit.storyboard; sourceTree = "<group>"; };
		E53FFEBF2090F60100D365A3 /* UserEditViewController.swift */ = {isa = PBXFileReference; lastKnownFileType = sourcecode.swift; path = UserEditViewController.swift; sourceTree = "<group>"; };
		E53FFEC12090F63C00D365A3 /* GroupEdit.storyboard */ = {isa = PBXFileReference; lastKnownFileType = file.storyboard; path = GroupEdit.storyboard; sourceTree = "<group>"; };
		E53FFEC32090F65900D365A3 /* GroupEditViewController.swift */ = {isa = PBXFileReference; lastKnownFileType = sourcecode.swift; path = GroupEditViewController.swift; sourceTree = "<group>"; };
		E53FFEC52090F68300D365A3 /* BillNew.storyboard */ = {isa = PBXFileReference; lastKnownFileType = file.storyboard; path = BillNew.storyboard; sourceTree = "<group>"; };
		E53FFEC72090F69C00D365A3 /* BillView.storyboard */ = {isa = PBXFileReference; lastKnownFileType = file.storyboard; path = BillView.storyboard; sourceTree = "<group>"; };
		E53FFEC92090F6A900D365A3 /* BillListView.storyboard */ = {isa = PBXFileReference; lastKnownFileType = file.storyboard; path = BillListView.storyboard; sourceTree = "<group>"; };
		E53FFECB2090F6DA00D365A3 /* UserListView.storyboard */ = {isa = PBXFileReference; lastKnownFileType = file.storyboard; path = UserListView.storyboard; sourceTree = "<group>"; };
		E53FFECD2090F6EB00D365A3 /* BillNewViewController.swift */ = {isa = PBXFileReference; lastKnownFileType = sourcecode.swift; path = BillNewViewController.swift; sourceTree = "<group>"; };
		E53FFECF2090F6F700D365A3 /* BillViewViewController.swift */ = {isa = PBXFileReference; lastKnownFileType = sourcecode.swift; path = BillViewViewController.swift; sourceTree = "<group>"; };
		E53FFED12090F72D00D365A3 /* BillListTableViewController.swift */ = {isa = PBXFileReference; lastKnownFileType = sourcecode.swift; path = BillListTableViewController.swift; sourceTree = "<group>"; };
		E53FFED32090F74300D365A3 /* UserListViewTableViewController.swift */ = {isa = PBXFileReference; lastKnownFileType = sourcecode.swift; path = UserListViewTableViewController.swift; sourceTree = "<group>"; };
		E53FFED52090FC8800D365A3 /* ServiceBase.swift */ = {isa = PBXFileReference; lastKnownFileType = sourcecode.swift; path = ServiceBase.swift; sourceTree = "<group>"; };
		E5513C2D2094CB6B000574BE /* ApiError.swift */ = {isa = PBXFileReference; lastKnownFileType = sourcecode.swift; path = ApiError.swift; sourceTree = "<group>"; };
		E5513C312094F88E000574BE /* BillTableViewCell.swift */ = {isa = PBXFileReference; lastKnownFileType = sourcecode.swift; path = BillTableViewCell.swift; sourceTree = "<group>"; };
		E5513C322094F88E000574BE /* BillTableViewCell.xib */ = {isa = PBXFileReference; lastKnownFileType = file.xib; path = BillTableViewCell.xib; sourceTree = "<group>"; };
		E5513C35209508F9000574BE /* Util.swift */ = {isa = PBXFileReference; lastKnownFileType = sourcecode.swift; path = Util.swift; sourceTree = "<group>"; };
/* End PBXFileReference section */

/* Begin PBXFrameworksBuildPhase section */
		E53FFE742090CA8D00D365A3 /* Frameworks */ = {
			isa = PBXFrameworksBuildPhase;
			buildActionMask = 2147483647;
			files = (
				6E4B516A53EA3E0933CE1B1B /* Pods_gurpay_ios.framework in Frameworks */,
			);
			runOnlyForDeploymentPostprocessing = 0;
		};
		E53FFE882090CA8E00D365A3 /* Frameworks */ = {
			isa = PBXFrameworksBuildPhase;
			buildActionMask = 2147483647;
			files = (
				396F3919E41B9EA2D8612121 /* Pods_gurpay_iosTests.framework in Frameworks */,
			);
			runOnlyForDeploymentPostprocessing = 0;
		};
		E53FFE932090CA8E00D365A3 /* Frameworks */ = {
			isa = PBXFrameworksBuildPhase;
			buildActionMask = 2147483647;
			files = (
				3112B3C65A74D0C51FC9C6A1 /* Pods_gurpay_iosUITests.framework in Frameworks */,
			);
			runOnlyForDeploymentPostprocessing = 0;
		};
/* End PBXFrameworksBuildPhase section */

/* Begin PBXGroup section */
		27783051D2713F477A4B2228 /* Pods */ = {
			isa = PBXGroup;
			children = (
				15538D3B50B2E0F8EEB36D97 /* Pods-gurpay-ios.debug.xcconfig */,
				2D7221C1EF0A11D3D71A698D /* Pods-gurpay-ios.release.xcconfig */,
				0E4344CDE6F9224967BF0AE0 /* Pods-gurpay-iosTests.debug.xcconfig */,
				3E9D5CFB7A3795686B660CA5 /* Pods-gurpay-iosTests.release.xcconfig */,
				86F8998F2A3FACA0C4CFABD4 /* Pods-gurpay-iosUITests.debug.xcconfig */,
				40E141DDD5CDF48D4562AA29 /* Pods-gurpay-iosUITests.release.xcconfig */,
			);
			name = Pods;
			sourceTree = "<group>";
		};
		63AB62EFC6FCB236205633E1 /* Frameworks */ = {
			isa = PBXGroup;
			children = (
				8E99B88FC38CF06ED1348928 /* Pods_gurpay_ios.framework */,
				0E176EAB4B4FBF4BD8BD8DAA /* Pods_gurpay_iosTests.framework */,
				781F5A985076970DE7FBAA55 /* Pods_gurpay_iosUITests.framework */,
			);
			name = Frameworks;
			sourceTree = "<group>";
		};
		E53FFE6E2090CA8D00D365A3 = {
			isa = PBXGroup;
			children = (
				E53FFE792090CA8D00D365A3 /* gurpay-ios */,
				E53FFE8E2090CA8E00D365A3 /* gurpay-iosTests */,
				E53FFE992090CA8E00D365A3 /* gurpay-iosUITests */,
				E53FFE782090CA8D00D365A3 /* Products */,
				27783051D2713F477A4B2228 /* Pods */,
				63AB62EFC6FCB236205633E1 /* Frameworks */,
			);
			sourceTree = "<group>";
		};
		E53FFE782090CA8D00D365A3 /* Products */ = {
			isa = PBXGroup;
			children = (
				E53FFE772090CA8D00D365A3 /* gurpay-ios.app */,
				E53FFE8B2090CA8E00D365A3 /* gurpay-iosTests.xctest */,
				E53FFE962090CA8E00D365A3 /* gurpay-iosUITests.xctest */,
			);
			name = Products;
			sourceTree = "<group>";
		};
		E53FFE792090CA8D00D365A3 /* gurpay-ios */ = {
			isa = PBXGroup;
			children = (
				E53FFEA82090D59B00D365A3 /* Data Models */,
				E53FFEAA2090D5B100D365A3 /* Storyboards */,
				E53FFEA92090D5AA00D365A3 /* View Controllers */,
				E53FFEAB2090D5C000D365A3 /* View Elements */,
				E53FFEB02090E81A00D365A3 /* Network */,
				E53FFE7A2090CA8D00D365A3 /* AppDelegate.swift */,
				E53FFE7C2090CA8D00D365A3 /* ViewController.swift */,
				E53FFE812090CA8D00D365A3 /* Assets.xcassets */,
				E53FFE832090CA8D00D365A3 /* LaunchScreen.storyboard */,
				E53FFE862090CA8D00D365A3 /* Info.plist */,
			);
			path = "gurpay-ios";
			sourceTree = "<group>";
		};
		E53FFE8E2090CA8E00D365A3 /* gurpay-iosTests */ = {
			isa = PBXGroup;
			children = (
				E53FFE8F2090CA8E00D365A3 /* gurpay_iosTests.swift */,
				E53FFE912090CA8E00D365A3 /* Info.plist */,
			);
			path = "gurpay-iosTests";
			sourceTree = "<group>";
		};
		E53FFE992090CA8E00D365A3 /* gurpay-iosUITests */ = {
			isa = PBXGroup;
			children = (
				E53FFE9A2090CA8E00D365A3 /* gurpay_iosUITests.swift */,
				E53FFE9C2090CA8E00D365A3 /* Info.plist */,
			);
			path = "gurpay-iosUITests";
			sourceTree = "<group>";
		};
		E53FFEA82090D59B00D365A3 /* Data Models */ = {
			isa = PBXGroup;
			children = (
				E53FFEB32090EE8600D365A3 /* Group.swift */,
				E53FFEB52090EE9600D365A3 /* User.swift */,
				E53FFEB72090EEA200D365A3 /* Bill.swift */,
				E5513C2D2094CB6B000574BE /* ApiError.swift */,
			);
			path = "Data Models";
			sourceTree = "<group>";
		};
		E53FFEA92090D5AA00D365A3 /* View Controllers */ = {
			isa = PBXGroup;
			children = (
				E53FFEAE2090D94700D365A3 /* SelectGroupViewController.swift */,
				E53FFEBB2090F39200D365A3 /* DashboardViewController.swift */,
				E53FFEBF2090F60100D365A3 /* UserEditViewController.swift */,
				E53FFEC32090F65900D365A3 /* GroupEditViewController.swift */,
				E53FFECD2090F6EB00D365A3 /* BillNewViewController.swift */,
				E53FFECF2090F6F700D365A3 /* BillViewViewController.swift */,
				E53FFED12090F72D00D365A3 /* BillListTableViewController.swift */,
				E53FFED32090F74300D365A3 /* UserListViewTableViewController.swift */,
			);
			path = "View Controllers";
			sourceTree = "<group>";
		};
		E53FFEAA2090D5B100D365A3 /* Storyboards */ = {
			isa = PBXGroup;
			children = (
				E53FFE7E2090CA8D00D365A3 /* Main.storyboard */,
				E53FFEAC2090D91D00D365A3 /* SelectGroup.storyboard */,
				E53FFEB92090F37E00D365A3 /* Dashboard.storyboard */,
				E53FFEBD2090F5ED00D365A3 /* UserEdit.storyboard */,
				E53FFEC12090F63C00D365A3 /* GroupEdit.storyboard */,
				E53FFEC52090F68300D365A3 /* BillNew.storyboard */,
				E53FFEC72090F69C00D365A3 /* BillView.storyboard */,
				E53FFEC92090F6A900D365A3 /* BillListView.storyboard */,
				E53FFECB2090F6DA00D365A3 /* UserListView.storyboard */,
			);
			path = Storyboards;
			sourceTree = "<group>";
		};
		E53FFEAB2090D5C000D365A3 /* View Elements */ = {
			isa = PBXGroup;
			children = (
				E5513C312094F88E000574BE /* BillTableViewCell.swift */,
				E5513C322094F88E000574BE /* BillTableViewCell.xib */,
			);
			path = "View Elements";
			sourceTree = "<group>";
		};
		E53FFEB02090E81A00D365A3 /* Network */ = {
			isa = PBXGroup;
			children = (
				E53FFED52090FC8800D365A3 /* ServiceBase.swift */,
				E5513C35209508F9000574BE /* Util.swift */,
			);
			path = Network;
			sourceTree = "<group>";
		};
/* End PBXGroup section */

/* Begin PBXNativeTarget section */
		E53FFE762090CA8D00D365A3 /* gurpay-ios */ = {
			isa = PBXNativeTarget;
			buildConfigurationList = E53FFE9F2090CA8E00D365A3 /* Build configuration list for PBXNativeTarget "gurpay-ios" */;
			buildPhases = (
				5B8E442880EE718F8957425C /* [CP] Check Pods Manifest.lock */,
				E53FFE732090CA8D00D365A3 /* Sources */,
				E53FFE742090CA8D00D365A3 /* Frameworks */,
				E53FFE752090CA8D00D365A3 /* Resources */,
				83E7D6C8CA9E7FFB7D98A0FA /* [CP] Embed Pods Frameworks */,
			);
			buildRules = (
			);
			dependencies = (
			);
			name = "gurpay-ios";
			productName = "gurpay-ios";
			productReference = E53FFE772090CA8D00D365A3 /* gurpay-ios.app */;
			productType = "com.apple.product-type.application";
		};
		E53FFE8A2090CA8E00D365A3 /* gurpay-iosTests */ = {
			isa = PBXNativeTarget;
			buildConfigurationList = E53FFEA22090CA8E00D365A3 /* Build configuration list for PBXNativeTarget "gurpay-iosTests" */;
			buildPhases = (
				8985CC5E778CAFCF717F0BAD /* [CP] Check Pods Manifest.lock */,
				E53FFE872090CA8E00D365A3 /* Sources */,
				E53FFE882090CA8E00D365A3 /* Frameworks */,
				E53FFE892090CA8E00D365A3 /* Resources */,
			);
			buildRules = (
			);
			dependencies = (
				E53FFE8D2090CA8E00D365A3 /* PBXTargetDependency */,
			);
			name = "gurpay-iosTests";
			productName = "gurpay-iosTests";
			productReference = E53FFE8B2090CA8E00D365A3 /* gurpay-iosTests.xctest */;
			productType = "com.apple.product-type.bundle.unit-test";
		};
		E53FFE952090CA8E00D365A3 /* gurpay-iosUITests */ = {
			isa = PBXNativeTarget;
			buildConfigurationList = E53FFEA52090CA8E00D365A3 /* Build configuration list for PBXNativeTarget "gurpay-iosUITests" */;
			buildPhases = (
				06CF158B87B0F1F3D37B7019 /* [CP] Check Pods Manifest.lock */,
				E53FFE922090CA8E00D365A3 /* Sources */,
				E53FFE932090CA8E00D365A3 /* Frameworks */,
				E53FFE942090CA8E00D365A3 /* Resources */,
			);
			buildRules = (
			);
			dependencies = (
				E53FFE982090CA8E00D365A3 /* PBXTargetDependency */,
			);
			name = "gurpay-iosUITests";
			productName = "gurpay-iosUITests";
			productReference = E53FFE962090CA8E00D365A3 /* gurpay-iosUITests.xctest */;
			productType = "com.apple.product-type.bundle.ui-testing";
		};
/* End PBXNativeTarget section */

/* Begin PBXProject section */
		E53FFE6F2090CA8D00D365A3 /* Project object */ = {
			isa = PBXProject;
			attributes = {
				LastSwiftUpdateCheck = 0920;
				LastUpgradeCheck = 0920;
				ORGANIZATIONNAME = Rileystech;
				TargetAttributes = {
					E53FFE762090CA8D00D365A3 = {
						CreatedOnToolsVersion = 9.2;
						ProvisioningStyle = Automatic;
					};
					E53FFE8A2090CA8E00D365A3 = {
						CreatedOnToolsVersion = 9.2;
						ProvisioningStyle = Automatic;
						TestTargetID = E53FFE762090CA8D00D365A3;
					};
					E53FFE952090CA8E00D365A3 = {
						CreatedOnToolsVersion = 9.2;
						ProvisioningStyle = Automatic;
						TestTargetID = E53FFE762090CA8D00D365A3;
					};
				};
			};
			buildConfigurationList = E53FFE722090CA8D00D365A3 /* Build configuration list for PBXProject "gurpay-ios" */;
			compatibilityVersion = "Xcode 8.0";
			developmentRegion = en;
			hasScannedForEncodings = 0;
			knownRegions = (
				en,
				Base,
			);
			mainGroup = E53FFE6E2090CA8D00D365A3;
			productRefGroup = E53FFE782090CA8D00D365A3 /* Products */;
			projectDirPath = "";
			projectRoot = "";
			targets = (
				E53FFE762090CA8D00D365A3 /* gurpay-ios */,
				E53FFE8A2090CA8E00D365A3 /* gurpay-iosTests */,
				E53FFE952090CA8E00D365A3 /* gurpay-iosUITests */,
			);
		};
/* End PBXProject section */

/* Begin PBXResourcesBuildPhase section */
		E53FFE752090CA8D00D365A3 /* Resources */ = {
			isa = PBXResourcesBuildPhase;
			buildActionMask = 2147483647;
			files = (
				E53FFECA2090F6A900D365A3 /* BillListView.storyboard in Resources */,
				E53FFE852090CA8D00D365A3 /* LaunchScreen.storyboard in Resources */,
				E53FFEC82090F69C00D365A3 /* BillView.storyboard in Resources */,
				E53FFEBA2090F37E00D365A3 /* Dashboard.storyboard in Resources */,
				E53FFECC2090F6DA00D365A3 /* UserListView.storyboard in Resources */,
				E53FFE822090CA8D00D365A3 /* Assets.xcassets in Resources */,
				E53FFEBE2090F5ED00D365A3 /* UserEdit.storyboard in Resources */,
				E53FFEAD2090D91D00D365A3 /* SelectGroup.storyboard in Resources */,
				E5513C342094F88E000574BE /* BillTableViewCell.xib in Resources */,
				E53FFEC22090F63C00D365A3 /* GroupEdit.storyboard in Resources */,
				E53FFEC62090F68300D365A3 /* BillNew.storyboard in Resources */,
				E53FFE802090CA8D00D365A3 /* Main.storyboard in Resources */,
			);
			runOnlyForDeploymentPostprocessing = 0;
		};
		E53FFE892090CA8E00D365A3 /* Resources */ = {
			isa = PBXResourcesBuildPhase;
			buildActionMask = 2147483647;
			files = (
			);
			runOnlyForDeploymentPostprocessing = 0;
		};
		E53FFE942090CA8E00D365A3 /* Resources */ = {
			isa = PBXResourcesBuildPhase;
			buildActionMask = 2147483647;
			files = (
			);
			runOnlyForDeploymentPostprocessing = 0;
		};
/* End PBXResourcesBuildPhase section */

/* Begin PBXShellScriptBuildPhase section */
		06CF158B87B0F1F3D37B7019 /* [CP] Check Pods Manifest.lock */ = {
			isa = PBXShellScriptBuildPhase;
			buildActionMask = 2147483647;
			files = (
			);
			inputPaths = (
				"${PODS_PODFILE_DIR_PATH}/Podfile.lock",
				"${PODS_ROOT}/Manifest.lock",
			);
			name = "[CP] Check Pods Manifest.lock";
			outputPaths = (
				"$(DERIVED_FILE_DIR)/Pods-gurpay-iosUITests-checkManifestLockResult.txt",
			);
			runOnlyForDeploymentPostprocessing = 0;
			shellPath = /bin/sh;
			shellScript = "diff \"${PODS_PODFILE_DIR_PATH}/Podfile.lock\" \"${PODS_ROOT}/Manifest.lock\" > /dev/null\nif [ $? != 0 ] ; then\n    # print error to STDERR\n    echo \"error: The sandbox is not in sync with the Podfile.lock. Run 'pod install' or update your CocoaPods installation.\" >&2\n    exit 1\nfi\n# This output is used by Xcode 'outputs' to avoid re-running this script phase.\necho \"SUCCESS\" > \"${SCRIPT_OUTPUT_FILE_0}\"\n";
			showEnvVarsInLog = 0;
		};
		5B8E442880EE718F8957425C /* [CP] Check Pods Manifest.lock */ = {
			isa = PBXShellScriptBuildPhase;
			buildActionMask = 2147483647;
			files = (
			);
			inputPaths = (
				"${PODS_PODFILE_DIR_PATH}/Podfile.lock",
				"${PODS_ROOT}/Manifest.lock",
			);
			name = "[CP] Check Pods Manifest.lock";
			outputPaths = (
				"$(DERIVED_FILE_DIR)/Pods-gurpay-ios-checkManifestLockResult.txt",
			);
			runOnlyForDeploymentPostprocessing = 0;
			shellPath = /bin/sh;
			shellScript = "diff \"${PODS_PODFILE_DIR_PATH}/Podfile.lock\" \"${PODS_ROOT}/Manifest.lock\" > /dev/null\nif [ $? != 0 ] ; then\n    # print error to STDERR\n    echo \"error: The sandbox is not in sync with the Podfile.lock. Run 'pod install' or update your CocoaPods installation.\" >&2\n    exit 1\nfi\n# This output is used by Xcode 'outputs' to avoid re-running this script phase.\necho \"SUCCESS\" > \"${SCRIPT_OUTPUT_FILE_0}\"\n";
			showEnvVarsInLog = 0;
		};
		83E7D6C8CA9E7FFB7D98A0FA /* [CP] Embed Pods Frameworks */ = {
			isa = PBXShellScriptBuildPhase;
			buildActionMask = 2147483647;
			files = (
			);
			inputPaths = (
				"${SRCROOT}/Pods/Target Support Files/Pods-gurpay-ios/Pods-gurpay-ios-frameworks.sh",
				"${BUILT_PRODUCTS_DIR}/Alamofire/Alamofire.framework",
				"${BUILT_PRODUCTS_DIR}/AlamofireImage/AlamofireImage.framework",
				"${BUILT_PRODUCTS_DIR}/SwiftKeychainWrapper/SwiftKeychainWrapper.framework",
				"${BUILT_PRODUCTS_DIR}/SwiftyJSON/SwiftyJSON.framework",
			);
			name = "[CP] Embed Pods Frameworks";
			outputPaths = (
				"${TARGET_BUILD_DIR}/${FRAMEWORKS_FOLDER_PATH}/Alamofire.framework",
				"${TARGET_BUILD_DIR}/${FRAMEWORKS_FOLDER_PATH}/AlamofireImage.framework",
				"${TARGET_BUILD_DIR}/${FRAMEWORKS_FOLDER_PATH}/SwiftKeychainWrapper.framework",
				"${TARGET_BUILD_DIR}/${FRAMEWORKS_FOLDER_PATH}/SwiftyJSON.framework",
			);
			runOnlyForDeploymentPostprocessing = 0;
			shellPath = /bin/sh;
			shellScript = "\"${SRCROOT}/Pods/Target Support Files/Pods-gurpay-ios/Pods-gurpay-ios-frameworks.sh\"\n";
			showEnvVarsInLog = 0;
		};
		8985CC5E778CAFCF717F0BAD /* [CP] Check Pods Manifest.lock */ = {
			isa = PBXShellScriptBuildPhase;
			buildActionMask = 2147483647;
			files = (
			);
			inputPaths = (
				"${PODS_PODFILE_DIR_PATH}/Podfile.lock",
				"${PODS_ROOT}/Manifest.lock",
			);
			name = "[CP] Check Pods Manifest.lock";
			outputPaths = (
				"$(DERIVED_FILE_DIR)/Pods-gurpay-iosTests-checkManifestLockResult.txt",
			);
			runOnlyForDeploymentPostprocessing = 0;
			shellPath = /bin/sh;
			shellScript = "diff \"${PODS_PODFILE_DIR_PATH}/Podfile.lock\" \"${PODS_ROOT}/Manifest.lock\" > /dev/null\nif [ $? != 0 ] ; then\n    # print error to STDERR\n    echo \"error: The sandbox is not in sync with the Podfile.lock. Run 'pod install' or update your CocoaPods installation.\" >&2\n    exit 1\nfi\n# This output is used by Xcode 'outputs' to avoid re-running this script phase.\necho \"SUCCESS\" > \"${SCRIPT_OUTPUT_FILE_0}\"\n";
			showEnvVarsInLog = 0;
		};
/* End PBXShellScriptBuildPhase section */

/* Begin PBXSourcesBuildPhase section */
		E53FFE732090CA8D00D365A3 /* Sources */ = {
			isa = PBXSourcesBuildPhase;
			buildActionMask = 2147483647;
			files = (
				E53FFEC02090F60100D365A3 /* UserEditViewController.swift in Sources */,
				E53FFEAF2090D94700D365A3 /* SelectGroupViewController.swift in Sources */,
				E53FFE7D2090CA8D00D365A3 /* ViewController.swift in Sources */,
				E53FFED42090F74300D365A3 /* UserListViewTableViewController.swift in Sources */,
				E53FFEB62090EE9600D365A3 /* User.swift in Sources */,
				E53FFE7B2090CA8D00D365A3 /* AppDelegate.swift in Sources */,
				E5513C36209508F9000574BE /* Util.swift in Sources */,
				E53FFECE2090F6EB00D365A3 /* BillNewViewController.swift in Sources */,
				E53FFEB82090EEA200D365A3 /* Bill.swift in Sources */,
				E5513C332094F88E000574BE /* BillTableViewCell.swift in Sources */,
				E5513C2E2094CB6B000574BE /* ApiError.swift in Sources */,
				E53FFED62090FC8800D365A3 /* ServiceBase.swift in Sources */,
				E53FFEB42090EE8600D365A3 /* Group.swift in Sources */,
				E53FFED02090F6F700D365A3 /* BillViewViewController.swift in Sources */,
				E53FFEC42090F65900D365A3 /* GroupEditViewController.swift in Sources */,
				E53FFEBC2090F39200D365A3 /* DashboardViewController.swift in Sources */,
				E53FFED22090F72D00D365A3 /* BillListTableViewController.swift in Sources */,
			);
			runOnlyForDeploymentPostprocessing = 0;
		};
		E53FFE872090CA8E00D365A3 /* Sources */ = {
			isa = PBXSourcesBuildPhase;
			buildActionMask = 2147483647;
			files = (
				E53FFE902090CA8E00D365A3 /* gurpay_iosTests.swift in Sources */,
			);
			runOnlyForDeploymentPostprocessing = 0;
		};
		E53FFE922090CA8E00D365A3 /* Sources */ = {
			isa = PBXSourcesBuildPhase;
			buildActionMask = 2147483647;
			files = (
				E53FFE9B2090CA8E00D365A3 /* gurpay_iosUITests.swift in Sources */,
			);
			runOnlyForDeploymentPostprocessing = 0;
		};
/* End PBXSourcesBuildPhase section */

/* Begin PBXTargetDependency section */
		E53FFE8D2090CA8E00D365A3 /* PBXTargetDependency */ = {
			isa = PBXTargetDependency;
			target = E53FFE762090CA8D00D365A3 /* gurpay-ios */;
			targetProxy = E53FFE8C2090CA8E00D365A3 /* PBXContainerItemProxy */;
		};
		E53FFE982090CA8E00D365A3 /* PBXTargetDependency */ = {
			isa = PBXTargetDependency;
			target = E53FFE762090CA8D00D365A3 /* gurpay-ios */;
			targetProxy = E53FFE972090CA8E00D365A3 /* PBXContainerItemProxy */;
		};
/* End PBXTargetDependency section */

/* Begin PBXVariantGroup section */
		E53FFE7E2090CA8D00D365A3 /* Main.storyboard */ = {
			isa = PBXVariantGroup;
			children = (
				E53FFE7F2090CA8D00D365A3 /* Base */,
			);
			name = Main.storyboard;
			sourceTree = "<group>";
		};
		E53FFE832090CA8D00D365A3 /* LaunchScreen.storyboard */ = {
			isa = PBXVariantGroup;
			children = (
				E53FFE842090CA8D00D365A3 /* Base */,
			);
			name = LaunchScreen.storyboard;
			sourceTree = "<group>";
		};
/* End PBXVariantGroup section */

/* Begin XCBuildConfiguration section */
		E53FFE9D2090CA8E00D365A3 /* Debug */ = {
			isa = XCBuildConfiguration;
			buildSettings = {
				ALWAYS_SEARCH_USER_PATHS = NO;
				CLANG_ANALYZER_NONNULL = YES;
				CLANG_ANALYZER_NUMBER_OBJECT_CONVERSION = YES_AGGRESSIVE;
				CLANG_CXX_LANGUAGE_STANDARD = "gnu++14";
				CLANG_CXX_LIBRARY = "libc++";
				CLANG_ENABLE_MODULES = YES;
				CLANG_ENABLE_OBJC_ARC = YES;
				CLANG_WARN_BLOCK_CAPTURE_AUTORELEASING = YES;
				CLANG_WARN_BOOL_CONVERSION = YES;
				CLANG_WARN_COMMA = YES;
				CLANG_WARN_CONSTANT_CONVERSION = YES;
				CLANG_WARN_DIRECT_OBJC_ISA_USAGE = YES_ERROR;
				CLANG_WARN_DOCUMENTATION_COMMENTS = YES;
				CLANG_WARN_EMPTY_BODY = YES;
				CLANG_WARN_ENUM_CONVERSION = YES;
				CLANG_WARN_INFINITE_RECURSION = YES;
				CLANG_WARN_INT_CONVERSION = YES;
				CLANG_WARN_NON_LITERAL_NULL_CONVERSION = YES;
				CLANG_WARN_OBJC_LITERAL_CONVERSION = YES;
				CLANG_WARN_OBJC_ROOT_CLASS = YES_ERROR;
				CLANG_WARN_RANGE_LOOP_ANALYSIS = YES;
				CLANG_WARN_STRICT_PROTOTYPES = YES;
				CLANG_WARN_SUSPICIOUS_MOVE = YES;
				CLANG_WARN_UNGUARDED_AVAILABILITY = YES_AGGRESSIVE;
				CLANG_WARN_UNREACHABLE_CODE = YES;
				CLANG_WARN__DUPLICATE_METHOD_MATCH = YES;
				CODE_SIGN_IDENTITY = "iPhone Developer";
				COPY_PHASE_STRIP = NO;
				DEBUG_INFORMATION_FORMAT = dwarf;
				ENABLE_STRICT_OBJC_MSGSEND = YES;
				ENABLE_TESTABILITY = YES;
				GCC_C_LANGUAGE_STANDARD = gnu11;
				GCC_DYNAMIC_NO_PIC = NO;
				GCC_NO_COMMON_BLOCKS = YES;
				GCC_OPTIMIZATION_LEVEL = 0;
				GCC_PREPROCESSOR_DEFINITIONS = (
					"DEBUG=1",
					"$(inherited)",
				);
				GCC_WARN_64_TO_32_BIT_CONVERSION = YES;
				GCC_WARN_ABOUT_RETURN_TYPE = YES_ERROR;
				GCC_WARN_UNDECLARED_SELECTOR = YES;
				GCC_WARN_UNINITIALIZED_AUTOS = YES_AGGRESSIVE;
				GCC_WARN_UNUSED_FUNCTION = YES;
				GCC_WARN_UNUSED_VARIABLE = YES;
				IPHONEOS_DEPLOYMENT_TARGET = 11.2;
				MTL_ENABLE_DEBUG_INFO = YES;
				ONLY_ACTIVE_ARCH = YES;
				SDKROOT = iphoneos;
				SWIFT_ACTIVE_COMPILATION_CONDITIONS = DEBUG;
				SWIFT_OPTIMIZATION_LEVEL = "-Onone";
			};
			name = Debug;
		};
		E53FFE9E2090CA8E00D365A3 /* Release */ = {
			isa = XCBuildConfiguration;
			buildSettings = {
				ALWAYS_SEARCH_USER_PATHS = NO;
				CLANG_ANALYZER_NONNULL = YES;
				CLANG_ANALYZER_NUMBER_OBJECT_CONVERSION = YES_AGGRESSIVE;
				CLANG_CXX_LANGUAGE_STANDARD = "gnu++14";
				CLANG_CXX_LIBRARY = "libc++";
				CLANG_ENABLE_MODULES = YES;
				CLANG_ENABLE_OBJC_ARC = YES;
				CLANG_WARN_BLOCK_CAPTURE_AUTORELEASING = YES;
				CLANG_WARN_BOOL_CONVERSION = YES;
				CLANG_WARN_COMMA = YES;
				CLANG_WARN_CONSTANT_CONVERSION = YES;
				CLANG_WARN_DIRECT_OBJC_ISA_USAGE = YES_ERROR;
				CLANG_WARN_DOCUMENTATION_COMMENTS = YES;
				CLANG_WARN_EMPTY_BODY = YES;
				CLANG_WARN_ENUM_CONVERSION = YES;
				CLANG_WARN_INFINITE_RECURSION = YES;
				CLANG_WARN_INT_CONVERSION = YES;
				CLANG_WARN_NON_LITERAL_NULL_CONVERSION = YES;
				CLANG_WARN_OBJC_LITERAL_CONVERSION = YES;
				CLANG_WARN_OBJC_ROOT_CLASS = YES_ERROR;
				CLANG_WARN_RANGE_LOOP_ANALYSIS = YES;
				CLANG_WARN_STRICT_PROTOTYPES = YES;
				CLANG_WARN_SUSPICIOUS_MOVE = YES;
				CLANG_WARN_UNGUARDED_AVAILABILITY = YES_AGGRESSIVE;
				CLANG_WARN_UNREACHABLE_CODE = YES;
				CLANG_WARN__DUPLICATE_METHOD_MATCH = YES;
				CODE_SIGN_IDENTITY = "iPhone Developer";
				COPY_PHASE_STRIP = NO;
				DEBUG_INFORMATION_FORMAT = "dwarf-with-dsym";
				ENABLE_NS_ASSERTIONS = NO;
				ENABLE_STRICT_OBJC_MSGSEND = YES;
				GCC_C_LANGUAGE_STANDARD = gnu11;
				GCC_NO_COMMON_BLOCKS = YES;
				GCC_WARN_64_TO_32_BIT_CONVERSION = YES;
				GCC_WARN_ABOUT_RETURN_TYPE = YES_ERROR;
				GCC_WARN_UNDECLARED_SELECTOR = YES;
				GCC_WARN_UNINITIALIZED_AUTOS = YES_AGGRESSIVE;
				GCC_WARN_UNUSED_FUNCTION = YES;
				GCC_WARN_UNUSED_VARIABLE = YES;
				IPHONEOS_DEPLOYMENT_TARGET = 11.2;
				MTL_ENABLE_DEBUG_INFO = NO;
				SDKROOT = iphoneos;
				SWIFT_OPTIMIZATION_LEVEL = "-Owholemodule";
				VALIDATE_PRODUCT = YES;
			};
			name = Release;
		};
		E53FFEA02090CA8E00D365A3 /* Debug */ = {
			isa = XCBuildConfiguration;
			baseConfigurationReference = 15538D3B50B2E0F8EEB36D97 /* Pods-gurpay-ios.debug.xcconfig */;
			buildSettings = {
				ASSETCATALOG_COMPILER_APPICON_NAME = AppIcon;
				CODE_SIGN_STYLE = Automatic;
				DEVELOPMENT_TEAM = "";
				INFOPLIST_FILE = "gurpay-ios/Info.plist";
				IPHONEOS_DEPLOYMENT_TARGET = 11.0;
				LD_RUNPATH_SEARCH_PATHS = "$(inherited) @executable_path/Frameworks";
				PRODUCT_BUNDLE_IDENTIFIER = "Rileystech.gurpay-ios";
				PRODUCT_NAME = "$(TARGET_NAME)";
				SWIFT_VERSION = 4.0;
				TARGETED_DEVICE_FAMILY = "1,2";
			};
			name = Debug;
		};
		E53FFEA12090CA8E00D365A3 /* Release */ = {
			isa = XCBuildConfiguration;
			baseConfigurationReference = 2D7221C1EF0A11D3D71A698D /* Pods-gurpay-ios.release.xcconfig */;
			buildSettings = {
				ASSETCATALOG_COMPILER_APPICON_NAME = AppIcon;
				CODE_SIGN_STYLE = Automatic;
				DEVELOPMENT_TEAM = "";
				INFOPLIST_FILE = "gurpay-ios/Info.plist";
				IPHONEOS_DEPLOYMENT_TARGET = 11.0;
				LD_RUNPATH_SEARCH_PATHS = "$(inherited) @executable_path/Frameworks";
				PRODUCT_BUNDLE_IDENTIFIER = "Rileystech.gurpay-ios";
				PRODUCT_NAME = "$(TARGET_NAME)";
				SWIFT_VERSION = 4.0;
				TARGETED_DEVICE_FAMILY = "1,2";
			};
			name = Release;
		};
		E53FFEA32090CA8E00D365A3 /* Debug */ = {
			isa = XCBuildConfiguration;
			baseConfigurationReference = 0E4344CDE6F9224967BF0AE0 /* Pods-gurpay-iosTests.debug.xcconfig */;
			buildSettings = {
				ALWAYS_EMBED_SWIFT_STANDARD_LIBRARIES = YES;
				BUNDLE_LOADER = "$(TEST_HOST)";
				CODE_SIGN_STYLE = Automatic;
				INFOPLIST_FILE = "gurpay-iosTests/Info.plist";
				LD_RUNPATH_SEARCH_PATHS = "$(inherited) @executable_path/Frameworks @loader_path/Frameworks";
				PRODUCT_BUNDLE_IDENTIFIER = "Rileystech.gurpay-iosTests";
				PRODUCT_NAME = "$(TARGET_NAME)";
				SWIFT_VERSION = 4.0;
				TARGETED_DEVICE_FAMILY = "1,2";
				TEST_HOST = "$(BUILT_PRODUCTS_DIR)/gurpay-ios.app/gurpay-ios";
			};
			name = Debug;
		};
		E53FFEA42090CA8E00D365A3 /* Release */ = {
			isa = XCBuildConfiguration;
			baseConfigurationReference = 3E9D5CFB7A3795686B660CA5 /* Pods-gurpay-iosTests.release.xcconfig */;
			buildSettings = {
				ALWAYS_EMBED_SWIFT_STANDARD_LIBRARIES = YES;
				BUNDLE_LOADER = "$(TEST_HOST)";
				CODE_SIGN_STYLE = Automatic;
				INFOPLIST_FILE = "gurpay-iosTests/Info.plist";
				LD_RUNPATH_SEARCH_PATHS = "$(inherited) @executable_path/Frameworks @loader_path/Frameworks";
				PRODUCT_BUNDLE_IDENTIFIER = "Rileystech.gurpay-iosTests";
				PRODUCT_NAME = "$(TARGET_NAME)";
				SWIFT_VERSION = 4.0;
				TARGETED_DEVICE_FAMILY = "1,2";
				TEST_HOST = "$(BUILT_PRODUCTS_DIR)/gurpay-ios.app/gurpay-ios";
			};
			name = Release;
		};
		E53FFEA62090CA8E00D365A3 /* Debug */ = {
			isa = XCBuildConfiguration;
			baseConfigurationReference = 86F8998F2A3FACA0C4CFABD4 /* Pods-gurpay-iosUITests.debug.xcconfig */;
			buildSettings = {
				ALWAYS_EMBED_SWIFT_STANDARD_LIBRARIES = YES;
				CODE_SIGN_STYLE = Automatic;
				INFOPLIST_FILE = "gurpay-iosUITests/Info.plist";
				LD_RUNPATH_SEARCH_PATHS = "$(inherited) @executable_path/Frameworks @loader_path/Frameworks";
				PRODUCT_BUNDLE_IDENTIFIER = "Rileystech.gurpay-iosUITests";
				PRODUCT_NAME = "$(TARGET_NAME)";
				SWIFT_VERSION = 4.0;
				TARGETED_DEVICE_FAMILY = "1,2";
				TEST_TARGET_NAME = "gurpay-ios";
			};
			name = Debug;
		};
		E53FFEA72090CA8E00D365A3 /* Release */ = {
			isa = XCBuildConfiguration;
			baseConfigurationReference = 40E141DDD5CDF48D4562AA29 /* Pods-gurpay-iosUITests.release.xcconfig */;
			buildSettings = {
				ALWAYS_EMBED_SWIFT_STANDARD_LIBRARIES = YES;
				CODE_SIGN_STYLE = Automatic;
				INFOPLIST_FILE = "gurpay-iosUITests/Info.plist";
				LD_RUNPATH_SEARCH_PATHS = "$(inherited) @executable_path/Frameworks @loader_path/Frameworks";
				PRODUCT_BUNDLE_IDENTIFIER = "Rileystech.gurpay-iosUITests";
				PRODUCT_NAME = "$(TARGET_NAME)";
				SWIFT_VERSION = 4.0;
				TARGETED_DEVICE_FAMILY = "1,2";
				TEST_TARGET_NAME = "gurpay-ios";
			};
			name = Release;
		};
/* End XCBuildConfiguration section */

/* Begin XCConfigurationList section */
		E53FFE722090CA8D00D365A3 /* Build configuration list for PBXProject "gurpay-ios" */ = {
			isa = XCConfigurationList;
			buildConfigurations = (
				E53FFE9D2090CA8E00D365A3 /* Debug */,
				E53FFE9E2090CA8E00D365A3 /* Release */,
			);
			defaultConfigurationIsVisible = 0;
			defaultConfigurationName = Release;
		};
		E53FFE9F2090CA8E00D365A3 /* Build configuration list for PBXNativeTarget "gurpay-ios" */ = {
			isa = XCConfigurationList;
			buildConfigurations = (
				E53FFEA02090CA8E00D365A3 /* Debug */,
				E53FFEA12090CA8E00D365A3 /* Release */,
			);
			defaultConfigurationIsVisible = 0;
			defaultConfigurationName = Release;
		};
		E53FFEA22090CA8E00D365A3 /* Build configuration list for PBXNativeTarget "gurpay-iosTests" */ = {
			isa = XCConfigurationList;
			buildConfigurations = (
				E53FFEA32090CA8E00D365A3 /* Debug */,
				E53FFEA42090CA8E00D365A3 /* Release */,
			);
			defaultConfigurationIsVisible = 0;
			defaultConfigurationName = Release;
		};
		E53FFEA52090CA8E00D365A3 /* Build configuration list for PBXNativeTarget "gurpay-iosUITests" */ = {
			isa = XCConfigurationList;
			buildConfigurations = (
				E53FFEA62090CA8E00D365A3 /* Debug */,
				E53FFEA72090CA8E00D365A3 /* Release */,
			);
			defaultConfigurationIsVisible = 0;
			defaultConfigurationName = Release;
		};
/* End XCConfigurationList section */
	};
	rootObject = E53FFE6F2090CA8D00D365A3 /* Project object */;
}
